{
  "version": "3",
  "packages": {
    "specifiers": {
      "jsr:@b-fuze/deno-dom": "jsr:@b-fuze/deno-dom@0.1.47",
      "jsr:@std/assert@^0.226.0": "jsr:@std/assert@0.226.0",
      "jsr:@std/internal@^1.0.0": "jsr:@std/internal@1.0.0",
      "npm:sirv-cli": "npm:sirv-cli@2.0.2"
    },
    "jsr": {
      "@b-fuze/deno-dom@0.1.47": {
        "integrity": "270a888de91329f8ce3849211ece0ad97ce1e8b9a8a774f2bed2f43c8b0ffe8e"
      },
      "@std/assert@0.226.0": {
        "integrity": "0dfb5f7c7723c18cec118e080fec76ce15b4c31154b15ad2bd74822603ef75b3",
        "dependencies": [
          "jsr:@std/internal@^1.0.0"
        ]
      },
      "@std/internal@1.0.0": {
        "integrity": "ac6a6dfebf838582c4b4f61a6907374e27e05bedb6ce276e0f1608fe84e7cd9a"
      }
    },
    "npm": {
      "@polka/url@1.0.0-next.25": {
        "integrity": "sha512-j7P6Rgr3mmtdkeDGTe0E/aYyWEWVtc5yFXtHCRHs28/jptDEWfaVOc5T7cblqy1XKPPfCxJc/8DwQ5YgLOZOVQ==",
        "dependencies": {}
      },
      "console-clear@1.1.1": {
        "integrity": "sha512-pMD+MVR538ipqkG5JXeOEbKWS5um1H4LUUccUQG68qpeqBYbzYy79Gh55jkd2TtPdRfUaLWdv6LPP//5Zt0aPQ==",
        "dependencies": {}
      },
      "get-port@3.2.0": {
        "integrity": "sha512-x5UJKlgeUiNT8nyo/AcnwLnZuZNcSjSw0kogRB+Whd1fjjFq4B1hySFxSFWWSn4mIBzg3sRNUDFYc4g5gjPoLg==",
        "dependencies": {}
      },
      "kleur@4.1.5": {
        "integrity": "sha512-o+NO+8WrRiQEE4/7nwRJhN1HWpVmJm511pBHUxPLtp0BUISzlBplORYSmTclCnJvQq2tKu/sgl3xVpkc7ZWuQQ==",
        "dependencies": {}
      },
      "local-access@1.1.0": {
        "integrity": "sha512-XfegD5pyTAfb+GY6chk283Ox5z8WexG56OvM06RWLpAc/UHozO8X6xAxEkIitZOtsSMM1Yr3DkHgW5W+onLhCw==",
        "dependencies": {}
      },
      "mri@1.2.0": {
        "integrity": "sha512-tzzskb3bG8LvYGFF/mDTpq3jpI6Q9wc3LEmBaghu+DdCssd1FakN7Bc0hVNmEyGq1bq3RgfkCb3cmQLpNPOroA==",
        "dependencies": {}
      },
      "mrmime@2.0.0": {
        "integrity": "sha512-eu38+hdgojoyq63s+yTpN4XMBdt5l8HhMhc4VKLO9KM5caLIBvUm4thi7fFaxyTmCKeNnXZ5pAlBwCUnhA09uw==",
        "dependencies": {}
      },
      "sade@1.8.1": {
        "integrity": "sha512-xal3CZX1Xlo/k4ApwCFrHVACi9fBqJ7V+mwhBsuf/1IOKbBy098Fex+Wa/5QMubw09pSZ/u8EY8PWgevJsXp1A==",
        "dependencies": {
          "mri": "mri@1.2.0"
        }
      },
      "semiver@1.1.0": {
        "integrity": "sha512-QNI2ChmuioGC1/xjyYwyZYADILWyW6AmS1UH6gDj/SFUUUS4MBAWs/7mxnkRPc/F4iHezDP+O8t0dO8WHiEOdg==",
        "dependencies": {}
      },
      "sirv-cli@2.0.2": {
        "integrity": "sha512-OtSJDwxsF1NWHc7ps3Sa0s+dPtP15iQNJzfKVz+MxkEo3z72mCD+yu30ct79rPr0CaV1HXSOBp+MIY5uIhHZ1A==",
        "dependencies": {
          "console-clear": "console-clear@1.1.1",
          "get-port": "get-port@3.2.0",
          "kleur": "kleur@4.1.5",
          "local-access": "local-access@1.1.0",
          "sade": "sade@1.8.1",
          "semiver": "semiver@1.1.0",
          "sirv": "sirv@2.0.4",
          "tinydate": "tinydate@1.3.0"
        }
      },
      "sirv@2.0.4": {
        "integrity": "sha512-94Bdh3cC2PKrbgSOUqTiGPWVZeSiXfKOVZNJniWoqrWrRkB1CJzBU3NEbiTsPcYy1lDsANA/THzS+9WBiy5nfQ==",
        "dependencies": {
          "@polka/url": "@polka/url@1.0.0-next.25",
          "mrmime": "mrmime@2.0.0",
          "totalist": "totalist@3.0.1"
        }
      },
      "tinydate@1.3.0": {
        "integrity": "sha512-7cR8rLy2QhYHpsBDBVYnnWXm8uRTr38RoZakFSW7Bs7PzfMPNZthuMLkwqZv7MTu8lhQ91cOFYS5a7iFj2oR3w==",
        "dependencies": {}
      },
      "totalist@3.0.1": {
        "integrity": "sha512-sf4i37nQ2LBx4m3wB74y+ubopq6W/dIzXg0FDGjsYnZHVa1Da8FH853wlL2gtUhg+xJXjfk3kUZS3BRoQeoQBQ==",
        "dependencies": {}
      }
    }
  },
  "redirects": {
    "https://esm.sh/jsr/@sondr3/a11y-color-contrast": "https://esm.sh/jsr/@sondr3/a11y-color-contrast@0.2.0"
  },
  "remote": {
    "https://esm.sh/jsr/@iv/themes@0.0.1-alpha": "c59a7719af7082099f7ff1439cddecc30dceb277c637193f56abd8a7dca0eddf",
    "https://esm.sh/jsr/@sondr3/a11y-color-contrast@0.2.0": "229191c162d3e4fc9e068817eac49830ee0b7781e3d35279dabef586ef813da5",
    "https://esm.sh/v135/@jsr/iv__themes@0.0.1-alpha/denonext/iv__themes.mjs": "e2e64ed7a96f492f4151a9793fe1983218b384d553cd83100295347ce752c82e",
    "https://esm.sh/v135/@jsr/sondr3__a11y-color-contrast@0.2.0/denonext/sondr3__a11y-color-contrast.mjs": "69168a7b16bfde9330801b1b3484134e44702b565c0b54c7d8e2552efcca87b7"
  },
  "workspace": {
    "dependencies": [
      "jsr:@b-fuze/deno-dom@^0.1.47",
      "jsr:@std/assert@^0.226.0"
    ]
  }
}
